
Microsoft Visual Studio Solution File, Format Version 12.00
# Visual Studio 15
VisualStudioVersion = 15.0.28107.0
MinimumVisualStudioVersion = 10.0.40219.1
Project("{FAE04EC0-301F-11D3-BF4B-00C04F79EFBC}") = "Ch13", "Ch13\Ch13.csproj", "{6DAAB6F3-D1FB-4FA4-919E-F37FD228B08D}"
EndProject
Project("{FAE04EC0-301F-11D3-BF4B-00C04F79EFBC}") = "Ch13.Tests", "Ch13Tests\Ch13.Tests.csproj", "{F4BAE4E1-78D3-4E6C-8933-72668A3D4BD6}"
EndProject
Project("{FAE04EC0-301F-11D3-BF4B-00C04F79EFBC}") = "Ch13.Shared", "Ch13.Shared\Ch13.Shared.csproj", "{635BC644-6376-4204-B2D7-6F8E8B69B2FC}"
EndProject
Global
	GlobalSection(SolutionConfigurationPlatforms) = preSolution
		Debug|Any CPU = Debug|Any CPU
		Release|Any CPU = Release|Any CPU
	EndGlobalSection
	GlobalSection(ProjectConfigurationPlatforms) = postSolution
		{6DAAB6F3-D1FB-4FA4-919E-F37FD228B08D}.Debug|Any CPU.ActiveCfg = Debug|Any CPU
		{6DAAB6F3-D1FB-4FA4-919E-F37FD228B08D}.Debug|Any CPU.Build.0 = Debug|Any CPU
		{6DAAB6F3-D1FB-4FA4-919E-F37FD228B08D}.Release|Any CPU.ActiveCfg = Release|Any CPU
		{6DAAB6F3-D1FB-4FA4-919E-F37FD228B08D}.Release|Any CPU.Build.0 = Release|Any CPU
		{F4BAE4E1-78D3-4E6C-8933-72668A3D4BD6}.Debug|Any CPU.ActiveCfg = Debug|Any CPU
		{F4BAE4E1-78D3-4E6C-8933-72668A3D4BD6}.Debug|Any CPU.Build.0 = Debug|Any CPU
		{F4BAE4E1-78D3-4E6C-8933-72668A3D4BD6}.Release|Any CPU.ActiveCfg = Release|Any CPU
		{F4BAE4E1-78D3-4E6C-8933-72668A3D4BD6}.Release|Any CPU.Build.0 = Release|Any CPU
		{635BC644-6376-4204-B2D7-6F8E8B69B2FC}.Debug|Any CPU.ActiveCfg = Debug|Any CPU
		{635BC644-6376-4204-B2D7-6F8E8B69B2FC}.Debug|Any CPU.Build.0 = Debug|Any CPU
		{635BC644-6376-4204-B2D7-6F8E8B69B2FC}.Release|Any CPU.ActiveCfg = Release|Any CPU
		{635BC644-6376-4204-B2D7-6F8E8B69B2FC}.Release|Any CPU.Build.0 = Release|Any CPU
	EndGlobalSection
	GlobalSection(SolutionProperties) = preSolution
		HideSolutionNode = FALSE
	EndGlobalSection
	GlobalSection(ExtensibilityGlobals) = postSolution
		SolutionGuid = {82E988F1-D227-451A-8AE0-29634FB7CE99}
	EndGlobalSection
EndGlobal
